{
  "requires": true,
  "lockfileVersion": 1,
  "dependencies": {
    "tamper": {
      "version": "1.1.0",
      "resolved": "https://registry.npmjs.org/tamper/-/tamper-1.1.0.tgz",
      "integrity": "sha512-Qd1Zxd7PPx+NUJHwV5qlosaoi2Q2inRTmU0Jckp2GAbzzE9SRZ/3vZZOi5m5IvLP5kQf0VdGbBbISwLLOTBqqQ=="
    }
  }
}
